# SPDX-FileCopyrightText: 2026 LibreCode coop and contributors
# SPDX-License-Identifier: MIT

c0ee0d2b3c434ca23fd9a193e2b299069bb5e6e515206777cc1a48a738acd1d6 lint-info-xml.yml
5109ce0d5c896c32c33d899ab0c5071a194209f52d8c5493a19da1078b0dcbe8 lint-php-cs.yml
90182f85a93b72387b9249f21924f32a5eae743c4f9310ee05d74bf9d3c22564 lint-php.yml
0482325e4d13ef40e01fe6f332763450a753d0c6780b703e7404f7c9472634ec openapi.yml
62f9112cda90b3ebe60b4d943cbd9b32aec668394086567e5dfa2d5e0a3d3918 psalm.yml
